
Microsoft Visual Studio Solution File, Format Version 12.00
# Visual Studio Version 17
VisualStudioVersion = 17.6.33829.357
MinimumVisualStudioVersion = 10.0.40219.1
Project("{9A19103F-16F7-4668-BE54-9A1E7A4F7556}") = "Converter", "Converter\Converter.csproj", "{0A1F4CF0-8EB5-4A6D-82BD-E369D7452D7C}"
EndProject
Project("{9A19103F-16F7-4668-BE54-9A1E7A4F7556}") = "CLI", "CLI\CLI.csproj", "{BD053466-0AAE-47D9-8CE2-660BCBD58BB9}"
EndProject
Project("{2150E333-8FDC-42A3-9474-1A3956D46DE8}") = "Additionals", "Additionals", "{2BDA4F7F-C9C4-4E87-8C5D-C6DCF29E0CE6}"
	ProjectSection(SolutionItems) = preProject
		ReadMe.md = ReadMe.md
	EndProjectSection
EndProject
Global
	GlobalSection(SolutionConfigurationPlatforms) = preSolution
		Debug|Any CPU = Debug|Any CPU
		Release|Any CPU = Release|Any CPU
	EndGlobalSection
	GlobalSection(ProjectConfigurationPlatforms) = postSolution
		{0A1F4CF0-8EB5-4A6D-82BD-E369D7452D7C}.Debug|Any CPU.ActiveCfg = Debug|Any CPU
		{0A1F4CF0-8EB5-4A6D-82BD-E369D7452D7C}.Debug|Any CPU.Build.0 = Debug|Any CPU
		{0A1F4CF0-8EB5-4A6D-82BD-E369D7452D7C}.Release|Any CPU.ActiveCfg = Release|Any CPU
		{0A1F4CF0-8EB5-4A6D-82BD-E369D7452D7C}.Release|Any CPU.Build.0 = Release|Any CPU
		{BD053466-0AAE-47D9-8CE2-660BCBD58BB9}.Debug|Any CPU.ActiveCfg = Debug|Any CPU
		{BD053466-0AAE-47D9-8CE2-660BCBD58BB9}.Debug|Any CPU.Build.0 = Debug|Any CPU
		{BD053466-0AAE-47D9-8CE2-660BCBD58BB9}.Release|Any CPU.ActiveCfg = Release|Any CPU
		{BD053466-0AAE-47D9-8CE2-660BCBD58BB9}.Release|Any CPU.Build.0 = Release|Any CPU
	EndGlobalSection
	GlobalSection(SolutionProperties) = preSolution
		HideSolutionNode = FALSE
	EndGlobalSection
	GlobalSection(ExtensibilityGlobals) = postSolution
		SolutionGuid = {72D27EF0-6953-4520-A0FE-09DA5ECCB296}
	EndGlobalSection
EndGlobal
